// !$*UTF8*$!
{
	archiveVersion = 1;
	classes = {
	};
	objectVersion = 55;
	objects = {

/* Begin PBXBuildFile section */
		D759B6D928D8712A00F6ADB5 /* AppDelegate.swift in Sources */ = {isa = PBXBuildFile; fileRef = D759B6D828D8712A00F6ADB5 /* AppDelegate.swift */; };
		D759B6DB28D8712A00F6ADB5 /* SceneDelegate.swift in Sources */ = {isa = PBXBuildFile; fileRef = D759B6DA28D8712A00F6ADB5 /* SceneDelegate.swift */; };
		D759B6DD28D8712A00F6ADB5 /* ViewController.swift in Sources */ = {isa = PBXBuildFile; fileRef = D759B6DC28D8712A00F6ADB5 /* ViewController.swift */; };
		D759B6E028D8712A00F6ADB5 /* Main.storyboard in Resources */ = {isa = PBXBuildFile; fileRef = D759B6DE28D8712A00F6ADB5 /* Main.storyboard */; };
		D759B6E228D8712B00F6ADB5 /* Assets.xcassets in Resources */ = {isa = PBXBuildFile; fileRef = D759B6E128D8712B00F6ADB5 /* Assets.xcassets */; };
		D759B6E528D8712B00F6ADB5 /* LaunchScreen.storyboard in Resources */ = {isa = PBXBuildFile; fileRef = D759B6E328D8712B00F6ADB5 /* LaunchScreen.storyboard */; };
		D759B6F028D8712B00F6ADB5 /* GithubTestingTests.swift in Sources */ = {isa = PBXBuildFile; fileRef = D759B6EF28D8712B00F6ADB5 /* GithubTestingTests.swift */; };
		D759B6FA28D8712B00F6ADB5 /* GithubTestingUITests.swift in Sources */ = {isa = PBXBuildFile; fileRef = D759B6F928D8712B00F6ADB5 /* GithubTestingUITests.swift */; };
		D759B6FC28D8712B00F6ADB5 /* GithubTestingUITestsLaunchTests.swift in Sources */ = {isa = PBXBuildFile; fileRef = D759B6FB28D8712B00F6ADB5 /* GithubTestingUITestsLaunchTests.swift */; };
/* End PBXBuildFile section */

/* Begin PBXContainerItemProxy section */
		D759B6EC28D8712B00F6ADB5 /* PBXContainerItemProxy */ = {
			isa = PBXContainerItemProxy;
			containerPortal = D759B6CD28D8712900F6ADB5 /* Project object */;
			proxyType = 1;
			remoteGlobalIDString = D759B6D428D8712A00F6ADB5;
			remoteInfo = GithubTesting;
		};
		D759B6F628D8712B00F6ADB5 /* PBXContainerItemProxy */ = {
			isa = PBXContainerItemProxy;
			containerPortal = D759B6CD28D8712900F6ADB5 /* Project object */;
			proxyType = 1;
			remoteGlobalIDString = D759B6D428D8712A00F6ADB5;
			remoteInfo = GithubTesting;
		};
/* End PBXContainerItemProxy section */

/* Begin PBXFileReference section */
		D759B6D528D8712A00F6ADB5 /* GithubTesting.app */ = {isa = PBXFileReference; explicitFileType = wrapper.application; includeInIndex = 0; path = GithubTesting.app; sourceTree = BUILT_PRODUCTS_DIR; };
		D759B6D828D8712A00F6ADB5 /* AppDelegate.swift */ = {isa = PBXFileReference; lastKnownFileType = sourcecode.swift; path = AppDelegate.swift; sourceTree = "<group>"; };
		D759B6DA28D8712A00F6ADB5 /* SceneDelegate.swift */ = {isa = PBXFileReference; lastKnownFileType = sourcecode.swift; path = SceneDelegate.swift; sourceTree = "<group>"; };
		D759B6DC28D8712A00F6ADB5 /* ViewController.swift */ = {isa = PBXFileReference; lastKnownFileType = sourcecode.swift; path = ViewController.swift; sourceTree = "<group>"; };
		D759B6DF28D8712A00F6ADB5 /* Base */ = {isa = PBXFileReference; lastKnownFileType = file.storyboard; name = Base; path = Base.lproj/Main.storyboard; sourceTree = "<group>"; };
		D759B6E128D8712B00F6ADB5 /* Assets.xcassets */ = {isa = PBXFileReference; lastKnownFileType = folder.assetcatalog; path = Assets.xcassets; sourceTree = "<group>"; };
		D759B6E428D8712B00F6ADB5 /* Base */ = {isa = PBXFileReference; lastKnownFileType = file.storyboard; name = Base; path = Base.lproj/LaunchScreen.storyboard; sourceTree = "<group>"; };
		D759B6E628D8712B00F6ADB5 /* Info.plist */ = {isa = PBXFileReference; lastKnownFileType = text.plist.xml; path = Info.plist; sourceTree = "<group>"; };
		D759B6EB28D8712B00F6ADB5 /* GithubTestingTests.xctest */ = {isa = PBXFileReference; explicitFileType = wrapper.cfbundle; includeInIndex = 0; path = GithubTestingTests.xctest; sourceTree = BUILT_PRODUCTS_DIR; };
		D759B6EF28D8712B00F6ADB5 /* GithubTestingTests.swift */ = {isa = PBXFileReference; lastKnownFileType = sourcecode.swift; path = GithubTestingTests.swift; sourceTree = "<group>"; };
		D759B6F528D8712B00F6ADB5 /* GithubTestingUITests.xctest */ = {isa = PBXFileReference; explicitFileType = wrapper.cfbundle; includeInIndex = 0; path = GithubTestingUITests.xctest; sourceTree = BUILT_PRODUCTS_DIR; };
		D759B6F928D8712B00F6ADB5 /* GithubTestingUITests.swift */ = {isa = PBXFileReference; lastKnownFileType = sourcecode.swift; path = GithubTestingUITests.swift; sourceTree = "<group>"; };
		D759B6FB28D8712B00F6ADB5 /* GithubTestingUITestsLaunchTests.swift */ = {isa = PBXFileReference; lastKnownFileType = sourcecode.swift; path = GithubTestingUITestsLaunchTests.swift; sourceTree = "<group>"; };
/* End PBXFileReference section */

/* Begin PBXFrameworksBuildPhase section */
		D759B6D228D8712A00F6ADB5 /* Frameworks */ = {
			isa = PBXFrameworksBuildPhase;
			buildActionMask = 2147483647;
			files = (
			);
			runOnlyForDeploymentPostprocessing = 0;
		};
		D759B6E828D8712B00F6ADB5 /* Frameworks */ = {
			isa = PBXFrameworksBuildPhase;
			buildActionMask = 2147483647;
			files = (
			);
			runOnlyForDeploymentPostprocessing = 0;
		};
		D759B6F228D8712B00F6ADB5 /* Frameworks */ = {
			isa = PBXFrameworksBuildPhase;
			buildActionMask = 2147483647;
			files = (
			);
			runOnlyForDeploymentPostprocessing = 0;
		};
/* End PBXFrameworksBuildPhase section */

/* Begin PBXGroup section */
		D759B6CC28D8712900F6ADB5 = {
			isa = PBXGroup;
			children = (
				D759B6D728D8712A00F6ADB5 /* GithubTesting */,
				D759B6EE28D8712B00F6ADB5 /* GithubTestingTests */,
				D759B6F828D8712B00F6ADB5 /* GithubTestingUITests */,
				D759B6D628D8712A00F6ADB5 /* Products */,
			);
			sourceTree = "<group>";
		};
		D759B6D628D8712A00F6ADB5 /* Products */ = {
			isa = PBXGroup;
			children = (
				D759B6D528D8712A00F6ADB5 /* GithubTesting.app */,
				D759B6EB28D8712B00F6ADB5 /* GithubTestingTests.xctest */,
				D759B6F528D8712B00F6ADB5 /* GithubTestingUITests.xctest */,
			);
			name = Products;
			sourceTree = "<group>";
		};
		D759B6D728D8712A00F6ADB5 /* GithubTesting */ = {
			isa = PBXGroup;
			children = (
				D759B6D828D8712A00F6ADB5 /* AppDelegate.swift */,
				D759B6DA28D8712A00F6ADB5 /* SceneDelegate.swift */,
				D759B6DC28D8712A00F6ADB5 /* ViewController.swift */,
				D759B6DE28D8712A00F6ADB5 /* Main.storyboard */,
				D759B6E128D8712B00F6ADB5 /* Assets.xcassets */,
				D759B6E328D8712B00F6ADB5 /* LaunchScreen.storyboard */,
				D759B6E628D8712B00F6ADB5 /* Info.plist */,
			);
			path = GithubTesting;
			sourceTree = "<group>";
		};
		D759B6EE28D8712B00F6ADB5 /* GithubTestingTests */ = {
			isa = PBXGroup;
			children = (
				D759B6EF28D8712B00F6ADB5 /* GithubTestingTests.swift */,
			);
			path = GithubTestingTests;
			sourceTree = "<group>";
		};
		D759B6F828D8712B00F6ADB5 /* GithubTestingUITests */ = {
			isa = PBXGroup;
			children = (
				D759B6F928D8712B00F6ADB5 /* GithubTestingUITests.swift */,
				D759B6FB28D8712B00F6ADB5 /* GithubTestingUITestsLaunchTests.swift */,
			);
			path = GithubTestingUITests;
			sourceTree = "<group>";
		};
/* End PBXGroup section */

/* Begin PBXNativeTarget section */
		D759B6D428D8712A00F6ADB5 /* GithubTesting */ = {
			isa = PBXNativeTarget;
			buildConfigurationList = D759B6FF28D8712B00F6ADB5 /* Build configuration list for PBXNativeTarget "GithubTesting" */;
			buildPhases = (
				D759B6D128D8712A00F6ADB5 /* Sources */,
				D759B6D228D8712A00F6ADB5 /* Frameworks */,
				D759B6D328D8712A00F6ADB5 /* Resources */,
			);
			buildRules = (
			);
			dependencies = (
			);
			name = GithubTesting;
			productName = GithubTesting;
			productReference = D759B6D528D8712A00F6ADB5 /* GithubTesting.app */;
			productType = "com.apple.product-type.application";
		};
		D759B6EA28D8712B00F6ADB5 /* GithubTestingTests */ = {
			isa = PBXNativeTarget;
			buildConfigurationList = D759B70228D8712B00F6ADB5 /* Build configuration list for PBXNativeTarget "GithubTestingTests" */;
			buildPhases = (
				D759B6E728D8712B00F6ADB5 /* Sources */,
				D759B6E828D8712B00F6ADB5 /* Frameworks */,
				D759B6E928D8712B00F6ADB5 /* Resources */,
			);
			buildRules = (
			);
			dependencies = (
				D759B6ED28D8712B00F6ADB5 /* PBXTargetDependency */,
			);
			name = GithubTestingTests;
			productName = GithubTestingTests;
			productReference = D759B6EB28D8712B00F6ADB5 /* GithubTestingTests.xctest */;
			productType = "com.apple.product-type.bundle.unit-test";
		};
		D759B6F428D8712B00F6ADB5 /* GithubTestingUITests */ = {
			isa = PBXNativeTarget;
			buildConfigurationList = D759B70528D8712B00F6ADB5 /* Build configuration list for PBXNativeTarget "GithubTestingUITests" */;
			buildPhases = (
				D759B6F128D8712B00F6ADB5 /* Sources */,
				D759B6F228D8712B00F6ADB5 /* Frameworks */,
				D759B6F328D8712B00F6ADB5 /* Resources */,
			);
			buildRules = (
			);
			dependencies = (
				D759B6F728D8712B00F6ADB5 /* PBXTargetDependency */,
			);
			name = GithubTestingUITests;
			productName = GithubTestingUITests;
			productReference = D759B6F528D8712B00F6ADB5 /* GithubTestingUITests.xctest */;
			productType = "com.apple.product-type.bundle.ui-testing";
		};
/* End PBXNativeTarget section */

/* Begin PBXProject section */
		D759B6CD28D8712900F6ADB5 /* Project object */ = {
			isa = PBXProject;
			attributes = {
				BuildIndependentTargetsInParallel = 1;
				LastSwiftUpdateCheck = 1340;
				LastUpgradeCheck = 1340;
				TargetAttributes = {
					D759B6D428D8712A00F6ADB5 = {
						CreatedOnToolsVersion = 13.4.1;
					};
					D759B6EA28D8712B00F6ADB5 = {
						CreatedOnToolsVersion = 13.4.1;
						TestTargetID = D759B6D428D8712A00F6ADB5;
					};
					D759B6F428D8712B00F6ADB5 = {
						CreatedOnToolsVersion = 13.4.1;
						TestTargetID = D759B6D428D8712A00F6ADB5;
					};
				};
			};
			buildConfigurationList = D759B6D028D8712900F6ADB5 /* Build configuration list for PBXProject "GithubTesting" */;
			compatibilityVersion = "Xcode 13.0";
			developmentRegion = en;
			hasScannedForEncodings = 0;
			knownRegions = (
				en,
				Base,
			);
			mainGroup = D759B6CC28D8712900F6ADB5;
			productRefGroup = D759B6D628D8712A00F6ADB5 /* Products */;
			projectDirPath = "";
			projectRoot = "";
			targets = (
				D759B6D428D8712A00F6ADB5 /* GithubTesting */,
				D759B6EA28D8712B00F6ADB5 /* GithubTestingTests */,
				D759B6F428D8712B00F6ADB5 /* GithubTestingUITests */,
			);
		};
/* End PBXProject section */

/* Begin PBXResourcesBuildPhase section */
		D759B6D328D8712A00F6ADB5 /* Resources */ = {
			isa = PBXResourcesBuildPhase;
			buildActionMask = 2147483647;
			files = (
				D759B6E528D8712B00F6ADB5 /* LaunchScreen.storyboard in Resources */,
				D759B6E228D8712B00F6ADB5 /* Assets.xcassets in Resources */,
				D759B6E028D8712A00F6ADB5 /* Main.storyboard in Resources */,
			);
			runOnlyForDeploymentPostprocessing = 0;
		};
		D759B6E928D8712B00F6ADB5 /* Resources */ = {
			isa = PBXResourcesBuildPhase;
			buildActionMask = 2147483647;
			files = (
			);
			runOnlyForDeploymentPostprocessing = 0;
		};
		D759B6F328D8712B00F6ADB5 /* Resources */ = {
			isa = PBXResourcesBuildPhase;
			buildActionMask = 2147483647;
			files = (
			);
			runOnlyForDeploymentPostprocessing = 0;
		};
/* End PBXResourcesBuildPhase section */

/* Begin PBXSourcesBuildPhase section */
		D759B6D128D8712A00F6ADB5 /* Sources */ = {
			isa = PBXSourcesBuildPhase;
			buildActionMask = 2147483647;
			files = (
				D759B6DD28D8712A00F6ADB5 /* ViewController.swift in Sources */,
				D759B6D928D8712A00F6ADB5 /* AppDelegate.swift in Sources */,
				D759B6DB28D8712A00F6ADB5 /* SceneDelegate.swift in Sources */,
			);
			runOnlyForDeploymentPostprocessing = 0;
		};
		D759B6E728D8712B00F6ADB5 /* Sources */ = {
			isa = PBXSourcesBuildPhase;
			buildActionMask = 2147483647;
			files = (
				D759B6F028D8712B00F6ADB5 /* GithubTestingTests.swift in Sources */,
			);
			runOnlyForDeploymentPostprocessing = 0;
		};
		D759B6F128D8712B00F6ADB5 /* Sources */ = {
			isa = PBXSourcesBuildPhase;
			buildActionMask = 2147483647;
			files = (
				D759B6FC28D8712B00F6ADB5 /* GithubTestingUITestsLaunchTests.swift in Sources */,
				D759B6FA28D8712B00F6ADB5 /* GithubTestingUITests.swift in Sources */,
			);
			runOnlyForDeploymentPostprocessing = 0;
		};
/* End PBXSourcesBuildPhase section */

/* Begin PBXTargetDependency section */
		D759B6ED28D8712B00F6ADB5 /* PBXTargetDependency */ = {
			isa = PBXTargetDependency;
			target = D759B6D428D8712A00F6ADB5 /* GithubTesting */;
			targetProxy = D759B6EC28D8712B00F6ADB5 /* PBXContainerItemProxy */;
		};
		D759B6F728D8712B00F6ADB5 /* PBXTargetDependency */ = {
			isa = PBXTargetDependency;
			target = D759B6D428D8712A00F6ADB5 /* GithubTesting */;
			targetProxy = D759B6F628D8712B00F6ADB5 /* PBXContainerItemProxy */;
		};
/* End PBXTargetDependency section */

/* Begin PBXVariantGroup section */
		D759B6DE28D8712A00F6ADB5 /* Main.storyboard */ = {
			isa = PBXVariantGroup;
			children = (
				D759B6DF28D8712A00F6ADB5 /* Base */,
			);
			name = Main.storyboard;
			sourceTree = "<group>";
		};
		D759B6E328D8712B00F6ADB5 /* LaunchScreen.storyboard */ = {
			isa = PBXVariantGroup;
			children = (
				D759B6E428D8712B00F6ADB5 /* Base */,
			);
			name = LaunchScreen.storyboard;
			sourceTree = "<group>";
		};
/* End PBXVariantGroup section */

/* Begin XCBuildConfiguration section */
		D759B6FD28D8712B00F6ADB5 /* Debug */ = {
			isa = XCBuildConfiguration;
			buildSettings = {
				ALWAYS_SEARCH_USER_PATHS = NO;
				CLANG_ANALYZER_NONNULL = YES;
				CLANG_ANALYZER_NUMBER_OBJECT_CONVERSION = YES_AGGRESSIVE;
				CLANG_CXX_LANGUAGE_STANDARD = "gnu++17";
				CLANG_ENABLE_MODULES = YES;
				CLANG_ENABLE_OBJC_ARC = YES;
				CLANG_ENABLE_OBJC_WEAK = YES;
				CLANG_WARN_BLOCK_CAPTURE_AUTORELEASING = YES;
				CLANG_WARN_BOOL_CONVERSION = YES;
				CLANG_WARN_COMMA = YES;
				CLANG_WARN_CONSTANT_CONVERSION = YES;
				CLANG_WARN_DEPRECATED_OBJC_IMPLEMENTATIONS = YES;
				CLANG_WARN_DIRECT_OBJC_ISA_USAGE = YES_ERROR;
				CLANG_WARN_DOCUMENTATION_COMMENTS = YES;
				CLANG_WARN_EMPTY_BODY = YES;
				CLANG_WARN_ENUM_CONVERSION = YES;
				CLANG_WARN_INFINITE_RECURSION = YES;
				CLANG_WARN_INT_CONVERSION = YES;
				CLANG_WARN_NON_LITERAL_NULL_CONVERSION = YES;
				CLANG_WARN_OBJC_IMPLICIT_RETAIN_SELF = YES;
				CLANG_WARN_OBJC_LITERAL_CONVERSION = YES;
				CLANG_WARN_OBJC_ROOT_CLASS = YES_ERROR;
				CLANG_WARN_QUOTED_INCLUDE_IN_FRAMEWORK_HEADER = YES;
				CLANG_WARN_RANGE_LOOP_ANALYSIS = YES;
				CLANG_WARN_STRICT_PROTOTYPES = YES;
				CLANG_WARN_SUSPICIOUS_MOVE = YES;
				CLANG_WARN_UNGUARDED_AVAILABILITY = YES_AGGRESSIVE;
				CLANG_WARN_UNREACHABLE_CODE = YES;
				CLANG_WARN__DUPLICATE_METHOD_MATCH = YES;
				COPY_PHASE_STRIP = NO;
				DEBUG_INFORMATION_FORMAT = dwarf;
				ENABLE_STRICT_OBJC_MSGSEND = YES;
				ENABLE_TESTABILITY = YES;
				GCC_C_LANGUAGE_STANDARD = gnu11;
				GCC_DYNAMIC_NO_PIC = NO;
				GCC_NO_COMMON_BLOCKS = YES;
				GCC_OPTIMIZATION_LEVEL = 0;
				GCC_PREPROCESSOR_DEFINITIONS = (
					"DEBUG=1",
					"$(inherited)",
				);
				GCC_WARN_64_TO_32_BIT_CONVERSION = YES;
				GCC_WARN_ABOUT_RETURN_TYPE = YES_ERROR;
				GCC_WARN_UNDECLARED_SELECTOR = YES;
				GCC_WARN_UNINITIALIZED_AUTOS = YES_AGGRESSIVE;
				GCC_WARN_UNUSED_FUNCTION = YES;
				GCC_WARN_UNUSED_VARIABLE = YES;
				IPHONEOS_DEPLOYMENT_TARGET = 15.5;
				MTL_ENABLE_DEBUG_INFO = INCLUDE_SOURCE;
				MTL_FAST_MATH = YES;
				ONLY_ACTIVE_ARCH = YES;
				SDKROOT = iphoneos;
				SWIFT_ACTIVE_COMPILATION_CONDITIONS = DEBUG;
				SWIFT_OPTIMIZATION_LEVEL = "-Onone";
			};
			name = Debug;
		};
		D759B6FE28D8712B00F6ADB5 /* Release */ = {
			isa = XCBuildConfiguration;
			buildSettings = {
				ALWAYS_SEARCH_USER_PATHS = NO;
				CLANG_ANALYZER_NONNULL = YES;
				CLANG_ANALYZER_NUMBER_OBJECT_CONVERSION = YES_AGGRESSIVE;
				CLANG_CXX_LANGUAGE_STANDARD = "gnu++17";
				CLANG_ENABLE_MODULES = YES;
				CLANG_ENABLE_OBJC_ARC = YES;
				CLANG_ENABLE_OBJC_WEAK = YES;
				CLANG_WARN_BLOCK_CAPTURE_AUTORELEASING = YES;
				CLANG_WARN_BOOL_CONVERSION = YES;
				CLANG_WARN_COMMA = YES;
				CLANG_WARN_CONSTANT_CONVERSION = YES;
				CLANG_WARN_DEPRECATED_OBJC_IMPLEMENTATIONS = YES;
				CLANG_WARN_DIRECT_OBJC_ISA_USAGE = YES_ERROR;
				CLANG_WARN_DOCUMENTATION_COMMENTS = YES;
				CLANG_WARN_EMPTY_BODY = YES;
				CLANG_WARN_ENUM_CONVERSION = YES;
				CLANG_WARN_INFINITE_RECURSION = YES;
				CLANG_WARN_INT_CONVERSION = YES;
				CLANG_WARN_NON_LITERAL_NULL_CONVERSION = YES;
				CLANG_WARN_OBJC_IMPLICIT_RETAIN_SELF = YES;
				CLANG_WARN_OBJC_LITERAL_CONVERSION = YES;
				CLANG_WARN_OBJC_ROOT_CLASS = YES_ERROR;
				CLANG_WARN_QUOTED_INCLUDE_IN_FRAMEWORK_HEADER = YES;
				CLANG_WARN_RANGE_LOOP_ANALYSIS = YES;
				CLANG_WARN_STRICT_PROTOTYPES = YES;
				CLANG_WARN_SUSPICIOUS_MOVE = YES;
				CLANG_WARN_UNGUARDED_AVAILABILITY = YES_AGGRESSIVE;
				CLANG_WARN_UNREACHABLE_CODE = YES;
				CLANG_WARN__DUPLICATE_METHOD_MATCH = YES;
				COPY_PHASE_STRIP = NO;
				DEBUG_INFORMATION_FORMAT = "dwarf-with-dsym";
				ENABLE_NS_ASSERTIONS = NO;
				ENABLE_STRICT_OBJC_MSGSEND = YES;
				GCC_C_LANGUAGE_STANDARD = gnu11;
				GCC_NO_COMMON_BLOCKS = YES;
				GCC_WARN_64_TO_32_BIT_CONVERSION = YES;
				GCC_WARN_ABOUT_RETURN_TYPE = YES_ERROR;
				GCC_WARN_UNDECLARED_SELECTOR = YES;
				GCC_WARN_UNINITIALIZED_AUTOS = YES_AGGRESSIVE;
				GCC_WARN_UNUSED_FUNCTION = YES;
				GCC_WARN_UNUSED_VARIABLE = YES;
				IPHONEOS_DEPLOYMENT_TARGET = 15.5;
				MTL_ENABLE_DEBUG_INFO = NO;
				MTL_FAST_MATH = YES;
				SDKROOT = iphoneos;
				SWIFT_COMPILATION_MODE = wholemodule;
				SWIFT_OPTIMIZATION_LEVEL = "-O";
				VALIDATE_PRODUCT = YES;
			};
			name = Release;
		};
		D759B70028D8712B00F6ADB5 /* Debug */ = {
			isa = XCBuildConfiguration;
			buildSettings = {
				ASSETCATALOG_COMPILER_APPICON_NAME = AppIcon;
				ASSETCATALOG_COMPILER_GLOBAL_ACCENT_COLOR_NAME = AccentColor;
				CODE_SIGN_STYLE = Automatic;
				CURRENT_PROJECT_VERSION = 1;
				GENERATE_INFOPLIST_FILE = YES;
				INFOPLIST_FILE = GithubTesting/Info.plist;
				INFOPLIST_KEY_UIApplicationSupportsIndirectInputEvents = YES;
				INFOPLIST_KEY_UILaunchStoryboardName = LaunchScreen;
				INFOPLIST_KEY_UIMainStoryboardFile = Main;
				INFOPLIST_KEY_UISupportedInterfaceOrientations_iPad = "UIInterfaceOrientationPortrait UIInterfaceOrientationPortraitUpsideDown UIInterfaceOrientationLandscapeLeft UIInterfaceOrientationLandscapeRight";
				INFOPLIST_KEY_UISupportedInterfaceOrientations_iPhone = "UIInterfaceOrientationPortrait UIInterfaceOrientationLandscapeLeft UIInterfaceOrientationLandscapeRight";
				LD_RUNPATH_SEARCH_PATHS = (
					"$(inherited)",
					"@executable_path/Frameworks",
				);
				MARKETING_VERSION = 1.0;
				PRODUCT_BUNDLE_IDENTIFIER = com.capgemini.GithubTesting;
				PRODUCT_NAME = "$(TARGET_NAME)";
				SWIFT_EMIT_LOC_STRINGS = YES;
				SWIFT_VERSION = 5.0;
				TARGETED_DEVICE_FAMILY = "1,2";
			};
			name = Debug;
		};
		D759B70128D8712B00F6ADB5 /* Release */ = {
			isa = XCBuildConfiguration;
			buildSettings = {
				ASSETCATALOG_COMPILER_APPICON_NAME = AppIcon;
				ASSETCATALOG_COMPILER_GLOBAL_ACCENT_COLOR_NAME = AccentColor;
				CODE_SIGN_STYLE = Automatic;
				CURRENT_PROJECT_VERSION = 1;
				GENERATE_INFOPLIST_FILE = YES;
				INFOPLIST_FILE = GithubTesting/Info.plist;
				INFOPLIST_KEY_UIApplicationSupportsIndirectInputEvents = YES;
				INFOPLIST_KEY_UILaunchStoryboardName = LaunchScreen;
				INFOPLIST_KEY_UIMainStoryboardFile = Main;
				INFOPLIST_KEY_UISupportedInterfaceOrientations_iPad = "UIInterfaceOrientationPortrait UIInterfaceOrientationPortraitUpsideDown UIInterfaceOrientationLandscapeLeft UIInterfaceOrientationLandscapeRight";
				INFOPLIST_KEY_UISupportedInterfaceOrientations_iPhone = "UIInterfaceOrientationPortrait UIInterfaceOrientationLandscapeLeft UIInterfaceOrientationLandscapeRight";
				LD_RUNPATH_SEARCH_PATHS = (
					"$(inherited)",
					"@executable_path/Frameworks",
				);
				MARKETING_VERSION = 1.0;
				PRODUCT_BUNDLE_IDENTIFIER = com.capgemini.GithubTesting;
				PRODUCT_NAME = "$(TARGET_NAME)";
				SWIFT_EMIT_LOC_STRINGS = YES;
				SWIFT_VERSION = 5.0;
				TARGETED_DEVICE_FAMILY = "1,2";
			};
			name = Release;
		};
		D759B70328D8712B00F6ADB5 /* Debug */ = {
			isa = XCBuildConfiguration;
			buildSettings = {
				ALWAYS_EMBED_SWIFT_STANDARD_LIBRARIES = YES;
				BUNDLE_LOADER = "$(TEST_HOST)";
				CODE_SIGN_STYLE = Automatic;
				CURRENT_PROJECT_VERSION = 1;
				GENERATE_INFOPLIST_FILE = YES;
				IPHONEOS_DEPLOYMENT_TARGET = 15.5;
				MARKETING_VERSION = 1.0;
				PRODUCT_BUNDLE_IDENTIFIER = com.capgemini.GithubTestingTests;
				PRODUCT_NAME = "$(TARGET_NAME)";
				SWIFT_EMIT_LOC_STRINGS = NO;
				SWIFT_VERSION = 5.0;
				TARGETED_DEVICE_FAMILY = "1,2";
				TEST_HOST = "$(BUILT_PRODUCTS_DIR)/GithubTesting.app/GithubTesting";
			};
			name = Debug;
		};
		D759B70428D8712B00F6ADB5 /* Release */ = {
			isa = XCBuildConfiguration;
			buildSettings = {
				ALWAYS_EMBED_SWIFT_STANDARD_LIBRARIES = YES;
				BUNDLE_LOADER = "$(TEST_HOST)";
				CODE_SIGN_STYLE = Automatic;
				CURRENT_PROJECT_VERSION = 1;
				GENERATE_INFOPLIST_FILE = YES;
				IPHONEOS_DEPLOYMENT_TARGET = 15.5;
				MARKETING_VERSION = 1.0;
				PRODUCT_BUNDLE_IDENTIFIER = com.capgemini.GithubTestingTests;
				PRODUCT_NAME = "$(TARGET_NAME)";
				SWIFT_EMIT_LOC_STRINGS = NO;
				SWIFT_VERSION = 5.0;
				TARGETED_DEVICE_FAMILY = "1,2";
				TEST_HOST = "$(BUILT_PRODUCTS_DIR)/GithubTesting.app/GithubTesting";
			};
			name = Release;
		};
		D759B70628D8712B00F6ADB5 /* Debug */ = {
			isa = XCBuildConfiguration;
			buildSettings = {
				ALWAYS_EMBED_SWIFT_STANDARD_LIBRARIES = YES;
				CODE_SIGN_STYLE = Automatic;
				CURRENT_PROJECT_VERSION = 1;
				GENERATE_INFOPLIST_FILE = YES;
				MARKETING_VERSION = 1.0;
				PRODUCT_BUNDLE_IDENTIFIER = com.capgemini.GithubTestingUITests;
				PRODUCT_NAME = "$(TARGET_NAME)";
				SWIFT_EMIT_LOC_STRINGS = NO;
				SWIFT_VERSION = 5.0;
				TARGETED_DEVICE_FAMILY = "1,2";
				TEST_TARGET_NAME = GithubTesting;
			};
			name = Debug;
		};
		D759B70728D8712B00F6ADB5 /* Release */ = {
			isa = XCBuildConfiguration;
			buildSettings = {
				ALWAYS_EMBED_SWIFT_STANDARD_LIBRARIES = YES;
				CODE_SIGN_STYLE = Automatic;
				CURRENT_PROJECT_VERSION = 1;
				GENERATE_INFOPLIST_FILE = YES;
				MARKETING_VERSION = 1.0;
				PRODUCT_BUNDLE_IDENTIFIER = com.capgemini.GithubTestingUITests;
				PRODUCT_NAME = "$(TARGET_NAME)";
				SWIFT_EMIT_LOC_STRINGS = NO;
				SWIFT_VERSION = 5.0;
				TARGETED_DEVICE_FAMILY = "1,2";
				TEST_TARGET_NAME = GithubTesting;
			};
			name = Release;
		};
/* End XCBuildConfiguration section */

/* Begin XCConfigurationList section */
		D759B6D028D8712900F6ADB5 /* Build configuration list for PBXProject "GithubTesting" */ = {
			isa = XCConfigurationList;
			buildConfigurations = (
				D759B6FD28D8712B00F6ADB5 /* Debug */,
				D759B6FE28D8712B00F6ADB5 /* Release */,
			);
			defaultConfigurationIsVisible = 0;
			defaultConfigurationName = Release;
		};
		D759B6FF28D8712B00F6ADB5 /* Build configuration list for PBXNativeTarget "GithubTesting" */ = {
			isa = XCConfigurationList;
			buildConfigurations = (
				D759B70028D8712B00F6ADB5 /* Debug */,
				D759B70128D8712B00F6ADB5 /* Release */,
			);
			defaultConfigurationIsVisible = 0;
			defaultConfigurationName = Release;
		};
		D759B70228D8712B00F6ADB5 /* Build configuration list for PBXNativeTarget "GithubTestingTests" */ = {
			isa = XCConfigurationList;
			buildConfigurations = (
				D759B70328D8712B00F6ADB5 /* Debug */,
				D759B70428D8712B00F6ADB5 /* Release */,
			);
			defaultConfigurationIsVisible = 0;
			defaultConfigurationName = Release;
		};
		D759B70528D8712B00F6ADB5 /* Build configuration list for PBXNativeTarget "GithubTestingUITests" */ = {
			isa = XCConfigurationList;
			buildConfigurations = (
				D759B70628D8712B00F6ADB5 /* Debug */,
				D759B70728D8712B00F6ADB5 /* Release */,
			);
			defaultConfigurationIsVisible = 0;
			defaultConfigurationName = Release;
		};
/* End XCConfigurationList section */
	};
	rootObject = D759B6CD28D8712900F6ADB5 /* Project object */;
}
